
Microsoft Visual Studio Solution File, Format Version 12.00
# Visual Studio Version 16
VisualStudioVersion = 16.0.30503.244
MinimumVisualStudioVersion = 10.0.40219.1
Project("{9A19103F-16F7-4668-BE54-9A1E7A4F7556}") = "WebAPIService", "WebAPIService\WebAPIService.csproj", "{705BBD88-1749-4B88-A2C7-4DAD3FF450A4}"
EndProject
Project("{FAE04EC0-301F-11D3-BF4B-00C04F79EFBC}") = "NUnitTest", "NUnitTest\NUnitTest.csproj", "{9114D30E-C87B-45BE-9360-21C42645F8AB}"
EndProject
Project("{FAE04EC0-301F-11D3-BF4B-00C04F79EFBC}") = "TestConsole", "TestConsole\TestConsole.csproj", "{96170ECA-2DF9-4CF4-918F-82E3908B49A7}"
EndProject
Project("{FAE04EC0-301F-11D3-BF4B-00C04F79EFBC}") = "SILogic", "SILogic\SILogic.csproj", "{9D474623-AEF2-4E73-94F1-B4386354645A}"
EndProject
Global
	GlobalSection(SolutionConfigurationPlatforms) = preSolution
		Debug|Any CPU = Debug|Any CPU
		Release|Any CPU = Release|Any CPU
	EndGlobalSection
	GlobalSection(ProjectConfigurationPlatforms) = postSolution
		{705BBD88-1749-4B88-A2C7-4DAD3FF450A4}.Debug|Any CPU.ActiveCfg = Debug|Any CPU
		{705BBD88-1749-4B88-A2C7-4DAD3FF450A4}.Debug|Any CPU.Build.0 = Debug|Any CPU
		{705BBD88-1749-4B88-A2C7-4DAD3FF450A4}.Release|Any CPU.ActiveCfg = Release|Any CPU
		{705BBD88-1749-4B88-A2C7-4DAD3FF450A4}.Release|Any CPU.Build.0 = Release|Any CPU
		{9114D30E-C87B-45BE-9360-21C42645F8AB}.Debug|Any CPU.ActiveCfg = Debug|Any CPU
		{9114D30E-C87B-45BE-9360-21C42645F8AB}.Debug|Any CPU.Build.0 = Debug|Any CPU
		{9114D30E-C87B-45BE-9360-21C42645F8AB}.Release|Any CPU.ActiveCfg = Release|Any CPU
		{9114D30E-C87B-45BE-9360-21C42645F8AB}.Release|Any CPU.Build.0 = Release|Any CPU
		{96170ECA-2DF9-4CF4-918F-82E3908B49A7}.Debug|Any CPU.ActiveCfg = Debug|Any CPU
		{96170ECA-2DF9-4CF4-918F-82E3908B49A7}.Debug|Any CPU.Build.0 = Debug|Any CPU
		{96170ECA-2DF9-4CF4-918F-82E3908B49A7}.Release|Any CPU.ActiveCfg = Release|Any CPU
		{96170ECA-2DF9-4CF4-918F-82E3908B49A7}.Release|Any CPU.Build.0 = Release|Any CPU
		{9D474623-AEF2-4E73-94F1-B4386354645A}.Debug|Any CPU.ActiveCfg = Debug|Any CPU
		{9D474623-AEF2-4E73-94F1-B4386354645A}.Debug|Any CPU.Build.0 = Debug|Any CPU
		{9D474623-AEF2-4E73-94F1-B4386354645A}.Release|Any CPU.ActiveCfg = Release|Any CPU
		{9D474623-AEF2-4E73-94F1-B4386354645A}.Release|Any CPU.Build.0 = Release|Any CPU
	EndGlobalSection
	GlobalSection(SolutionProperties) = preSolution
		HideSolutionNode = FALSE
	EndGlobalSection
	GlobalSection(ExtensibilityGlobals) = postSolution
		SolutionGuid = {0EC0FCC9-5CC2-41FB-AEAB-AD4F9F13F37C}
	EndGlobalSection
EndGlobal
